
Microsoft Visual Studio Solution File, Format Version 12.00
# Visual Studio Version 16
VisualStudioVersion = 16.0.32802.440
MinimumVisualStudioVersion = 10.0.40219.1
Project("{FAE04EC0-301F-11D3-BF4B-00C04F79EFBC}") = "Scores1", "Scores1\Scores1.csproj", "{FB00A916-8D55-4251-81BE-5DA5BB06BA59}"
EndProject
Global
	GlobalSection(SolutionConfigurationPlatforms) = preSolution
		Debug|Any CPU = Debug|Any CPU
		Release|Any CPU = Release|Any CPU
	EndGlobalSection
	GlobalSection(ProjectConfigurationPlatforms) = postSolution
		{FB00A916-8D55-4251-81BE-5DA5BB06BA59}.Debug|Any CPU.ActiveCfg = Debug|Any CPU
		{FB00A916-8D55-4251-81BE-5DA5BB06BA59}.Debug|Any CPU.Build.0 = Debug|Any CPU
		{FB00A916-8D55-4251-81BE-5DA5BB06BA59}.Release|Any CPU.ActiveCfg = Release|Any CPU
		{FB00A916-8D55-4251-81BE-5DA5BB06BA59}.Release|Any CPU.Build.0 = Release|Any CPU
	EndGlobalSection
	GlobalSection(SolutionProperties) = preSolution
		HideSolutionNode = FALSE
	EndGlobalSection
	GlobalSection(ExtensibilityGlobals) = postSolution
		SolutionGuid = {0DCA2C54-08A7-49E5-9F38-4F81B7638887}
	EndGlobalSection
EndGlobal
