
Microsoft Visual Studio Solution File, Format Version 12.00
# Visual Studio Version 16
VisualStudioVersion = 16.0.32802.440
MinimumVisualStudioVersion = 10.0.40219.1
Project("{FAE04EC0-301F-11D3-BF4B-00C04F79EFBC}") = "Operators Submission", "Operators Submission\Operators Submission.csproj", "{4D0FFB8F-0FD2-4CF3-8B0F-B633002FD429}"
EndProject
Global
	GlobalSection(SolutionConfigurationPlatforms) = preSolution
		Debug|Any CPU = Debug|Any CPU
		Release|Any CPU = Release|Any CPU
	EndGlobalSection
	GlobalSection(ProjectConfigurationPlatforms) = postSolution
		{4D0FFB8F-0FD2-4CF3-8B0F-B633002FD429}.Debug|Any CPU.ActiveCfg = Debug|Any CPU
		{4D0FFB8F-0FD2-4CF3-8B0F-B633002FD429}.Debug|Any CPU.Build.0 = Debug|Any CPU
		{4D0FFB8F-0FD2-4CF3-8B0F-B633002FD429}.Release|Any CPU.ActiveCfg = Release|Any CPU
		{4D0FFB8F-0FD2-4CF3-8B0F-B633002FD429}.Release|Any CPU.Build.0 = Release|Any CPU
	EndGlobalSection
	GlobalSection(SolutionProperties) = preSolution
		HideSolutionNode = FALSE
	EndGlobalSection
	GlobalSection(ExtensibilityGlobals) = postSolution
		SolutionGuid = {6418616C-8D96-49E8-BB8D-DF2B2DB177A3}
	EndGlobalSection
EndGlobal
