
Microsoft Visual Studio Solution File, Format Version 12.00
# Visual Studio Version 16
VisualStudioVersion = 16.0.32802.440
MinimumVisualStudioVersion = 10.0.40219.1
Project("{FAE04EC0-301F-11D3-BF4B-00C04F79EFBC}") = "CarInsurance", "CarInsurance\CarInsurance.csproj", "{D36903F8-F84C-4ADF-94B9-1336FC5431DF}"
EndProject
Global
	GlobalSection(SolutionConfigurationPlatforms) = preSolution
		Debug|Any CPU = Debug|Any CPU
		Release|Any CPU = Release|Any CPU
	EndGlobalSection
	GlobalSection(ProjectConfigurationPlatforms) = postSolution
		{D36903F8-F84C-4ADF-94B9-1336FC5431DF}.Debug|Any CPU.ActiveCfg = Debug|Any CPU
		{D36903F8-F84C-4ADF-94B9-1336FC5431DF}.Debug|Any CPU.Build.0 = Debug|Any CPU
		{D36903F8-F84C-4ADF-94B9-1336FC5431DF}.Release|Any CPU.ActiveCfg = Release|Any CPU
		{D36903F8-F84C-4ADF-94B9-1336FC5431DF}.Release|Any CPU.Build.0 = Release|Any CPU
	EndGlobalSection
	GlobalSection(SolutionProperties) = preSolution
		HideSolutionNode = FALSE
	EndGlobalSection
	GlobalSection(ExtensibilityGlobals) = postSolution
		SolutionGuid = {CC54E4A3-EE4F-4841-96F9-67DE26BE7B9F}
	EndGlobalSection
EndGlobal
