
Microsoft Visual Studio Solution File, Format Version 12.00
# Visual Studio Version 17
VisualStudioVersion = 17.3.32922.545
MinimumVisualStudioVersion = 10.0.40219.1
Project("{FAE04EC0-301F-11D3-BF4B-00C04F79EFBC}") = "CodeFirstApp", "CodeFirstApp\CodeFirstApp.csproj", "{66DBAEB6-BEDB-4760-8C19-4D9424ECB30E}"
EndProject
Global
	GlobalSection(SolutionConfigurationPlatforms) = preSolution
		Debug|Any CPU = Debug|Any CPU
		Release|Any CPU = Release|Any CPU
	EndGlobalSection
	GlobalSection(ProjectConfigurationPlatforms) = postSolution
		{66DBAEB6-BEDB-4760-8C19-4D9424ECB30E}.Debug|Any CPU.ActiveCfg = Debug|Any CPU
		{66DBAEB6-BEDB-4760-8C19-4D9424ECB30E}.Debug|Any CPU.Build.0 = Debug|Any CPU
		{66DBAEB6-BEDB-4760-8C19-4D9424ECB30E}.Release|Any CPU.ActiveCfg = Release|Any CPU
		{66DBAEB6-BEDB-4760-8C19-4D9424ECB30E}.Release|Any CPU.Build.0 = Release|Any CPU
	EndGlobalSection
	GlobalSection(SolutionProperties) = preSolution
		HideSolutionNode = FALSE
	EndGlobalSection
	GlobalSection(ExtensibilityGlobals) = postSolution
		SolutionGuid = {27B45919-BB30-452C-A99C-F4EC14D88633}
	EndGlobalSection
EndGlobal
