
Microsoft Visual Studio Solution File, Format Version 12.00
# Visual Studio Version 16
VisualStudioVersion = 16.0.32802.440
MinimumVisualStudioVersion = 10.0.40219.1
Project("{FAE04EC0-301F-11D3-BF4B-00C04F79EFBC}") = "Six PartApplication", "Six PartApplication\Six PartApplication.csproj", "{2B2D58C2-6657-4382-9E5F-621E47132F39}"
EndProject
Global
	GlobalSection(SolutionConfigurationPlatforms) = preSolution
		Debug|Any CPU = Debug|Any CPU
		Release|Any CPU = Release|Any CPU
	EndGlobalSection
	GlobalSection(ProjectConfigurationPlatforms) = postSolution
		{2B2D58C2-6657-4382-9E5F-621E47132F39}.Debug|Any CPU.ActiveCfg = Debug|Any CPU
		{2B2D58C2-6657-4382-9E5F-621E47132F39}.Debug|Any CPU.Build.0 = Debug|Any CPU
		{2B2D58C2-6657-4382-9E5F-621E47132F39}.Release|Any CPU.ActiveCfg = Release|Any CPU
		{2B2D58C2-6657-4382-9E5F-621E47132F39}.Release|Any CPU.Build.0 = Release|Any CPU
	EndGlobalSection
	GlobalSection(SolutionProperties) = preSolution
		HideSolutionNode = FALSE
	EndGlobalSection
	GlobalSection(ExtensibilityGlobals) = postSolution
		SolutionGuid = {DC1A0DCF-13C4-460B-88BE-F380DA3CA89F}
	EndGlobalSection
EndGlobal
