
Microsoft Visual Studio Solution File, Format Version 12.00
# Visual Studio Version 16
VisualStudioVersion = 16.0.32802.440
MinimumVisualStudioVersion = 10.0.40219.1
Project("{FAE04EC0-301F-11D3-BF4B-00C04F79EFBC}") = "anonymous income", "anonymous income\anonymous income.csproj", "{3E561A11-6721-44A3-BC01-51E0AB4A5A6E}"
EndProject
Global
	GlobalSection(SolutionConfigurationPlatforms) = preSolution
		Debug|Any CPU = Debug|Any CPU
		Release|Any CPU = Release|Any CPU
	EndGlobalSection
	GlobalSection(ProjectConfigurationPlatforms) = postSolution
		{3E561A11-6721-44A3-BC01-51E0AB4A5A6E}.Debug|Any CPU.ActiveCfg = Debug|Any CPU
		{3E561A11-6721-44A3-BC01-51E0AB4A5A6E}.Debug|Any CPU.Build.0 = Debug|Any CPU
		{3E561A11-6721-44A3-BC01-51E0AB4A5A6E}.Release|Any CPU.ActiveCfg = Release|Any CPU
		{3E561A11-6721-44A3-BC01-51E0AB4A5A6E}.Release|Any CPU.Build.0 = Release|Any CPU
	EndGlobalSection
	GlobalSection(SolutionProperties) = preSolution
		HideSolutionNode = FALSE
	EndGlobalSection
	GlobalSection(ExtensibilityGlobals) = postSolution
		SolutionGuid = {4704154C-75F6-401B-9836-35CA348F0E11}
	EndGlobalSection
EndGlobal
