
Microsoft Visual Studio Solution File, Format Version 12.00
# Visual Studio Version 16
VisualStudioVersion = 16.0.32802.440
MinimumVisualStudioVersion = 10.0.40219.1
Project("{FAE04EC0-301F-11D3-BF4B-00C04F79EFBC}") = "exceptionHandling1", "exceptionHandling1\exceptionHandling1.csproj", "{AA4FE650-23D3-46A8-9CC3-209A5A91F32E}"
EndProject
Global
	GlobalSection(SolutionConfigurationPlatforms) = preSolution
		Debug|Any CPU = Debug|Any CPU
		Release|Any CPU = Release|Any CPU
	EndGlobalSection
	GlobalSection(ProjectConfigurationPlatforms) = postSolution
		{AA4FE650-23D3-46A8-9CC3-209A5A91F32E}.Debug|Any CPU.ActiveCfg = Debug|Any CPU
		{AA4FE650-23D3-46A8-9CC3-209A5A91F32E}.Debug|Any CPU.Build.0 = Debug|Any CPU
		{AA4FE650-23D3-46A8-9CC3-209A5A91F32E}.Release|Any CPU.ActiveCfg = Release|Any CPU
		{AA4FE650-23D3-46A8-9CC3-209A5A91F32E}.Release|Any CPU.Build.0 = Release|Any CPU
	EndGlobalSection
	GlobalSection(SolutionProperties) = preSolution
		HideSolutionNode = FALSE
	EndGlobalSection
	GlobalSection(ExtensibilityGlobals) = postSolution
		SolutionGuid = {91652439-A9DF-49DC-862E-8DFFA5F246F0}
	EndGlobalSection
EndGlobal
