
Microsoft Visual Studio Solution File, Format Version 12.00
# Visual Studio Version 16
VisualStudioVersion = 16.0.32802.440
MinimumVisualStudioVersion = 10.0.40219.1
Project("{FAE04EC0-301F-11D3-BF4B-00C04F79EFBC}") = "METHOD CLASS SUBMISSION ASSIGNMENT", "METHOD CLASS SUBMISSION ASSIGNMENT\METHOD CLASS SUBMISSION ASSIGNMENT.csproj", "{2C3EB09D-8300-46E7-89CD-B78E37A7ACFE}"
EndProject
Global
	GlobalSection(SolutionConfigurationPlatforms) = preSolution
		Debug|Any CPU = Debug|Any CPU
		Release|Any CPU = Release|Any CPU
	EndGlobalSection
	GlobalSection(ProjectConfigurationPlatforms) = postSolution
		{2C3EB09D-8300-46E7-89CD-B78E37A7ACFE}.Debug|Any CPU.ActiveCfg = Debug|Any CPU
		{2C3EB09D-8300-46E7-89CD-B78E37A7ACFE}.Debug|Any CPU.Build.0 = Debug|Any CPU
		{2C3EB09D-8300-46E7-89CD-B78E37A7ACFE}.Release|Any CPU.ActiveCfg = Release|Any CPU
		{2C3EB09D-8300-46E7-89CD-B78E37A7ACFE}.Release|Any CPU.Build.0 = Release|Any CPU
	EndGlobalSection
	GlobalSection(SolutionProperties) = preSolution
		HideSolutionNode = FALSE
	EndGlobalSection
	GlobalSection(ExtensibilityGlobals) = postSolution
		SolutionGuid = {9355B0EF-D80A-44B7-BA66-4FA5B0355E89}
	EndGlobalSection
EndGlobal
