
Microsoft Visual Studio Solution File, Format Version 12.00
# Visual Studio Version 17
VisualStudioVersion = 17.3.32922.545
MinimumVisualStudioVersion = 10.0.40219.1
Project("{FAE04EC0-301F-11D3-BF4B-00C04F79EFBC}") = "MyFirstAzureWebApp", "MyFirstAzureWebApp\MyFirstAzureWebApp.csproj", "{720CB4A4-D688-48C7-AF87-09C2629A8925}"
EndProject
Global
	GlobalSection(SolutionConfigurationPlatforms) = preSolution
		Debug|Any CPU = Debug|Any CPU
		Release|Any CPU = Release|Any CPU
	EndGlobalSection
	GlobalSection(ProjectConfigurationPlatforms) = postSolution
		{720CB4A4-D688-48C7-AF87-09C2629A8925}.Debug|Any CPU.ActiveCfg = Debug|Any CPU
		{720CB4A4-D688-48C7-AF87-09C2629A8925}.Debug|Any CPU.Build.0 = Debug|Any CPU
		{720CB4A4-D688-48C7-AF87-09C2629A8925}.Release|Any CPU.ActiveCfg = Release|Any CPU
		{720CB4A4-D688-48C7-AF87-09C2629A8925}.Release|Any CPU.Build.0 = Release|Any CPU
	EndGlobalSection
	GlobalSection(SolutionProperties) = preSolution
		HideSolutionNode = FALSE
	EndGlobalSection
	GlobalSection(ExtensibilityGlobals) = postSolution
		SolutionGuid = {5E2D59D5-CCCE-40E0-A3CF-78A352428597}
	EndGlobalSection
EndGlobal
