
Microsoft Visual Studio Solution File, Format Version 12.00
# Visual Studio Version 16
VisualStudioVersion = 16.0.32802.440
MinimumVisualStudioVersion = 10.0.40219.1
Project("{FAE04EC0-301F-11D3-BF4B-00C04F79EFBC}") = "ExceptionHandling", "ExceptionHandling\ExceptionHandling.csproj", "{285EC8BE-36DD-4060-9475-A15BE32F4B93}"
EndProject
Global
	GlobalSection(SolutionConfigurationPlatforms) = preSolution
		Debug|Any CPU = Debug|Any CPU
		Release|Any CPU = Release|Any CPU
	EndGlobalSection
	GlobalSection(ProjectConfigurationPlatforms) = postSolution
		{285EC8BE-36DD-4060-9475-A15BE32F4B93}.Debug|Any CPU.ActiveCfg = Debug|Any CPU
		{285EC8BE-36DD-4060-9475-A15BE32F4B93}.Debug|Any CPU.Build.0 = Debug|Any CPU
		{285EC8BE-36DD-4060-9475-A15BE32F4B93}.Release|Any CPU.ActiveCfg = Release|Any CPU
		{285EC8BE-36DD-4060-9475-A15BE32F4B93}.Release|Any CPU.Build.0 = Release|Any CPU
	EndGlobalSection
	GlobalSection(SolutionProperties) = preSolution
		HideSolutionNode = FALSE
	EndGlobalSection
	GlobalSection(ExtensibilityGlobals) = postSolution
		SolutionGuid = {66911D22-145E-439D-B527-87195A7275AA}
	EndGlobalSection
EndGlobal
